{
  "name": "jco",
  "lockfileVersion": 3,
  "requires": true,
  "packages": {
    "": {
      "devDependencies": {
        "@bytecodealliance/componentize-js": "^0.17.0",
        "@bytecodealliance/jco": "^1.11.2"
      }
    },
    "node_modules/@bytecodealliance/componentize-js": {
      "version": "0.17.0",
      "resolved": "https://registry.npmjs.org/@bytecodealliance/componentize-js/-/componentize-js-0.17.0.tgz",
      "integrity": "sha512-FDgO5UPipfjyq5OghSB4JW313LkQJK3Sl647WH1jvIuYAyCq1j+bMt+Q66c3UF6IVs6PneNTGfGSjYgzID/k0w==",
      "dev": true,
      "workspaces": [
        "."
      ],
      "dependencies": {
        "@bytecodealliance/jco": "^1.9.1",
        "@bytecodealliance/weval": "^0.3.3",
        "@bytecodealliance/wizer": "^7.0.5",
        "es-module-lexer": "^1.6.0"
      }
    },
    "node_modules/@bytecodealliance/jco": {
      "version": "1.11.2",
      "resolved": "https://registry.npmjs.org/@bytecodealliance/jco/-/jco-1.11.2.tgz",
      "integrity": "sha512-iZdVOXlfd+R144Fwt57PnFt3xJlejGx0LlKxG5MeHqeQOsurozcdMLjN4TNuXpnR4jFyO3zrR65NzAkA/W4gpw==",
      "dev": true,
      "license": "(Apache-2.0 WITH LLVM-exception)",
      "workspaces": [
        ".",
        "examples/components/add",
        "examples/components/http-hello-world",
        "examples/components/node-fetch",
        "examples/components/http-server-fetch-handler",
        "examples/components/string-reverse",
        "examples/components/string-reverse-upper",
        "examples/components/webidl-book-library",
        "packages/preview2-shim"
      ],
      "dependencies": {
        "@bytecodealliance/componentize-js": "^0.17.0",
        "@bytecodealliance/preview2-shim": "^0.17.2",
        "binaryen": "^123.0.0",
        "chalk-template": "^1",
        "commander": "^12",
        "mkdirp": "^3",
        "ora": "^8",
        "terser": "^5"
      },
      "bin": {
        "jco": "src/jco.js"
      }
    },
    "node_modules/@bytecodealliance/preview2-shim": {
      "version": "0.17.2",
      "resolved": "https://registry.npmjs.org/@bytecodealliance/preview2-shim/-/preview2-shim-0.17.2.tgz",
      "integrity": "sha512-mNm/lblgES8UkVle8rGImXOz4TtL3eU3inHay/7TVchkKrb/lgcVvTK0+VAw8p5zQ0rgQsXm1j5dOlAAd+MeoA==",
      "dev": true,
      "license": "(Apache-2.0 WITH LLVM-exception)"
    },
    "node_modules/@bytecodealliance/weval": {
      "version": "0.3.3",
      "resolved": "https://registry.npmjs.org/@bytecodealliance/weval/-/weval-0.3.3.tgz",
      "integrity": "sha512-hrQI47O1l3ilFscixu0uuSJTj5tbQW0QmCATQWWNW0E8wJxbKH4yo8y57O5gqpRSKk/T+da1sH/GJNrnGHTFNA==",
      "dev": true,
      "license": "Apache-2.0",
      "dependencies": {
        "@napi-rs/lzma": "^1.1.2",
        "decompress": "^4.2.1",
        "decompress-tar": "^4.1.1",
        "decompress-unzip": "^4.0.1"
      },
      "engines": {
        "node": ">=16"
      }
    },
    "node_modules/@bytecodealliance/wizer": {
      "version": "7.0.5",
      "resolved": "https://registry.npmjs.org/@bytecodealliance/wizer/-/wizer-7.0.5.tgz",
      "integrity": "sha512-xIbLzKxmUNaPwDWorcGtdxh1mcgDiXI8fe9KiDaSICKfCl9VtUKVyXIc3ix+VpwFczBbdhek+TlMiiCf+9lpOQ==",
      "dev": true,
      "license": "Apache-2.0",
      "bin": {
        "wizer": "wizer.js"
      },
      "engines": {
        "node": ">=16"
      },
      "optionalDependencies": {
        "@bytecodealliance/wizer-darwin-arm64": "7.0.5",
        "@bytecodealliance/wizer-darwin-x64": "7.0.5",
        "@bytecodealliance/wizer-linux-arm64": "7.0.5",
        "@bytecodealliance/wizer-linux-s390x": "7.0.5",
        "@bytecodealliance/wizer-linux-x64": "7.0.5",
        "@bytecodealliance/wizer-win32-x64": "7.0.5"
      }
    },
    "node_modules/@bytecodealliance/wizer-darwin-arm64": {
      "version": "7.0.5",
      "resolved": "https://registry.npmjs.org/@bytecodealliance/wizer-darwin-arm64/-/wizer-darwin-arm64-7.0.5.tgz",
      "integrity": "sha512-Tp0SgVQR568SVPvSfyWDT00yL4ry/w9FS2qy8ZwaP0EauYyjFSZojj6mESX6x9fpYkEnQdprgfdvhw5h1hTwCQ==",
      "cpu": [
        "arm64"
      ],
      "dev": true,
      "license": "Apache-2.0",
      "optional": true,
      "os": [
        "darwin"
      ],
      "bin": {
        "wizer-darwin-arm64": "wizer"
      }
    },
    "node_modules/@bytecodealliance/wizer-darwin-x64": {
      "version": "7.0.5",
      "resolved": "https://registry.npmjs.org/@bytecodealliance/wizer-darwin-x64/-/wizer-darwin-x64-7.0.5.tgz",
      "integrity": "sha512-HYmG5Q9SpQJnqR7kimb5J3VAh6E62b30GLG/E+6doS/UwNhSpSmYjaggVfuJvgFDbUxsnD1l36qZny0xMwxikA==",
      "cpu": [
        "x64"
      ],
      "dev": true,
      "license": "Apache-2.0",
      "optional": true,
      "os": [
        "darwin"
      ],
      "bin": {
        "wizer-darwin-x64": "wizer"
      }
    },
    "node_modules/@bytecodealliance/wizer-linux-arm64": {
      "version": "7.0.5",
      "resolved": "https://registry.npmjs.org/@bytecodealliance/wizer-linux-arm64/-/wizer-linux-arm64-7.0.5.tgz",
      "integrity": "sha512-01qqaiIWrYXPt2bjrfiluSSOmUL/PMjPtJlYa/XqZgK75g3RVn3sRkSflwoCXtXMRbHdb03qNrJ9w81+F17kvA==",
      "cpu": [
        "arm64"
      ],
      "dev": true,
      "license": "Apache-2.0",
      "optional": true,
      "os": [
        "linux"
      ],
      "bin": {
        "wizer-linux-arm64": "wizer"
      }
    },
    "node_modules/@bytecodealliance/wizer-linux-s390x": {
      "version": "7.0.5",
      "resolved": "https://registry.npmjs.org/@bytecodealliance/wizer-linux-s390x/-/wizer-linux-s390x-7.0.5.tgz",
      "integrity": "sha512-smGfD4eJou81g6yDlV7MCRoKgKlqd4SQL00pHxQGrNfUPnfYKhZ4z80N9J9T2B++uo2FM14BFilsRrV5UevKlA==",
      "cpu": [
        "s390x"
      ],
      "dev": true,
      "license": "Apache-2.0",
      "optional": true,
      "os": [
        "linux"
      ],
      "bin": {
        "wizer-linux-s390x": "wizer"
      }
    },
    "node_modules/@bytecodealliance/wizer-linux-x64": {
      "version": "7.0.5",
      "resolved": "https://registry.npmjs.org/@bytecodealliance/wizer-linux-x64/-/wizer-linux-x64-7.0.5.tgz",
      "integrity": "sha512-lxMb25jLd6n+hhjPhlqRBnBdGRumKkcEavqJ3p4OAtjr6pEPdbSfSVmYDt9LnvtqmqQSnUCtFRRr5J2BmQ3SkQ==",
      "cpu": [
        "x64"
      ],
      "dev": true,
      "license": "Apache-2.0",
      "optional": true,
      "os": [
        "linux"
      ],
      "bin": {
        "wizer-linux-x64": "wizer"
      }
    },
    "node_modules/@bytecodealliance/wizer-win32-x64": {
      "version": "7.0.5",
      "resolved": "https://registry.npmjs.org/@bytecodealliance/wizer-win32-x64/-/wizer-win32-x64-7.0.5.tgz",
      "integrity": "sha512-eUY9a82HR20qIfyEffWdJZj7k4GH2wGaZpr70dinDy8Q648LeQayL0Z6FW5nApoezjy+CIBj0Mv+rHUASV9Jzw==",
      "cpu": [
        "x64"
      ],
      "dev": true,
      "license": "Apache-2.0",
      "optional": true,
      "os": [
        "win32"
      ],
      "bin": {
        "wizer-win32-x64": "wizer"
      }
    },
    "node_modules/@emnapi/core": {
      "version": "1.4.3",
      "resolved": "https://registry.npmjs.org/@emnapi/core/-/core-1.4.3.tgz",
      "integrity": "sha512-4m62DuCE07lw01soJwPiBGC0nAww0Q+RY70VZ+n49yDIO13yyinhbWCeNnaob0lakDtWQzSdtNWzJeOJt2ma+g==",
      "dev": true,
      "license": "MIT",
      "optional": true,
      "dependencies": {
        "@emnapi/wasi-threads": "1.0.2",
        "tslib": "^2.4.0"
      }
    },
    "node_modules/@emnapi/runtime": {
      "version": "1.4.3",
      "resolved": "https://registry.npmjs.org/@emnapi/runtime/-/runtime-1.4.3.tgz",
      "integrity": "sha512-pBPWdu6MLKROBX05wSNKcNb++m5Er+KQ9QkB+WVM+pW2Kx9hoSrVTnu3BdkI5eBLZoKu/J6mW/B6i6bJB2ytXQ==",
      "dev": true,
      "license": "MIT",
      "optional": true,
      "dependencies": {
        "tslib": "^2.4.0"
      }
    },
    "node_modules/@emnapi/wasi-threads": {
      "version": "1.0.2",
      "resolved": "https://registry.npmjs.org/@emnapi/wasi-threads/-/wasi-threads-1.0.2.tgz",
      "integrity": "sha512-5n3nTJblwRi8LlXkJ9eBzu+kZR8Yxcc7ubakyQTFzPMtIhFpUBRbsnc2Dv88IZDIbCDlBiWrknhB4Lsz7mg6BA==",
      "dev": true,
      "license": "MIT",
      "optional": true,
      "dependencies": {
        "tslib": "^2.4.0"
      }
    },
    "node_modules/@jridgewell/gen-mapping": {
      "version": "0.3.10",
      "resolved": "https://registry.npmjs.org/@jridgewell/gen-mapping/-/gen-mapping-0.3.10.tgz",
      "integrity": "sha512-HM2F4B9N4cA0RH2KQiIZOHAZqtP4xGS4IZ+SFe1SIbO4dyjf9MTY2Bo3vHYnm0hglWfXqBrzUBSa+cJfl3Xvrg==",
      "dev": true,
      "license": "MIT",
      "dependencies": {
        "@jridgewell/sourcemap-codec": "^1.5.0",
        "@jridgewell/trace-mapping": "^0.3.24"
      }
    },
    "node_modules/@jridgewell/resolve-uri": {
      "version": "3.1.2",
      "resolved": "https://registry.npmjs.org/@jridgewell/resolve-uri/-/resolve-uri-3.1.2.tgz",
      "integrity": "sha512-bRISgCIjP20/tbWSPWMEi54QVPRZExkuD9lJL+UIxUKtwVJA8wW1Trb1jMs1RFXo1CBTNZ/5hpC9QvmKWdopKw==",
      "dev": true,
      "license": "MIT",
      "engines": {
        "node": ">=6.0.0"
      }
    },
    "node_modules/@jridgewell/source-map": {
      "version": "0.3.8",
      "resolved": "https://registry.npmjs.org/@jridgewell/source-map/-/source-map-0.3.8.tgz",
      "integrity": "sha512-3EDAPd0B8X1gsQQgGHU8vyxSp2MB414z3roN67fY7nI0GV3GDthHfaWcbCfrC95tpAzA5xUvAuoO9Dxx/ywwRQ==",
      "dev": true,
      "license": "MIT",
      "dependencies": {
        "@jridgewell/gen-mapping": "^0.3.5",
        "@jridgewell/trace-mapping": "^0.3.25"
      }
    },
    "node_modules/@jridgewell/sourcemap-codec": {
      "version": "1.5.2",
      "resolved": "https://registry.npmjs.org/@jridgewell/sourcemap-codec/-/sourcemap-codec-1.5.2.tgz",
      "integrity": "sha512-gKYheCylLIedI+CSZoDtGkFV9YEBxRRVcfCH7OfAqh4TyUyRjEE6WVE/aXDXX0p8BIe/QgLcaAoI0220KRRFgg==",
      "dev": true,
      "license": "MIT"
    },
    "node_modules/@jridgewell/trace-mapping": {
      "version": "0.3.27",
      "resolved": "https://registry.npmjs.org/@jridgewell/trace-mapping/-/trace-mapping-0.3.27.tgz",
      "integrity": "sha512-VO95AxtSFMelbg3ouljAYnfvTEwSWVt/2YLf+U5Ejd8iT5mXE2Sa/1LGyvySMne2CGsepGLI7KpF3EzE3Aq9Mg==",
      "dev": true,
      "license": "MIT",
      "dependencies": {
        "@jridgewell/resolve-uri": "^3.1.0",
        "@jridgewell/sourcemap-codec": "^1.4.14"
      }
    },
    "node_modules/@napi-rs/lzma": {
      "version": "1.4.3",
      "resolved": "https://registry.npmjs.org/@napi-rs/lzma/-/lzma-1.4.3.tgz",
      "integrity": "sha512-uBjLLoUM9ll03jL/bP7XjyPg0vTU0vQ35N1vVqQHbzlK/fVZyuF2B1p/A6kqPsFFhaoBKgO6oaxsuerv091RtQ==",
      "dev": true,
      "license": "MIT",
      "engines": {
        "node": ">= 10"
      },
      "funding": {
        "type": "github",
        "url": "https://github.com/sponsors/Brooooooklyn"
      },
      "optionalDependencies": {
        "@napi-rs/lzma-android-arm-eabi": "1.4.3",
        "@napi-rs/lzma-android-arm64": "1.4.3",
        "@napi-rs/lzma-darwin-arm64": "1.4.3",
        "@napi-rs/lzma-darwin-x64": "1.4.3",
        "@napi-rs/lzma-freebsd-x64": "1.4.3",
        "@napi-rs/lzma-linux-arm-gnueabihf": "1.4.3",
        "@napi-rs/lzma-linux-arm64-gnu": "1.4.3",
        "@napi-rs/lzma-linux-arm64-musl": "1.4.3",
        "@napi-rs/lzma-linux-ppc64-gnu": "1.4.3",
        "@napi-rs/lzma-linux-riscv64-gnu": "1.4.3",
        "@napi-rs/lzma-linux-s390x-gnu": "1.4.3",
        "@napi-rs/lzma-linux-x64-gnu": "1.4.3",
        "@napi-rs/lzma-linux-x64-musl": "1.4.3",
        "@napi-rs/lzma-wasm32-wasi": "1.4.3",
        "@napi-rs/lzma-win32-arm64-msvc": "1.4.3",
        "@napi-rs/lzma-win32-ia32-msvc": "1.4.3",
        "@napi-rs/lzma-win32-x64-msvc": "1.4.3"
      }
    },
    "node_modules/@napi-rs/lzma-android-arm-eabi": {
      "version": "1.4.3",
      "resolved": "https://registry.npmjs.org/@napi-rs/lzma-android-arm-eabi/-/lzma-android-arm-eabi-1.4.3.tgz",
      "integrity": "sha512-XpjRUZ/EbWtVbMvW+ucon5Ykz7PjMoX65mIlUdAiVnaPGykzFAUrl8dl6Br5bfqnhQQfDjjUIgTAwWl3G++n1g==",
      "cpu": [
        "arm"
      ],
      "dev": true,
      "license": "MIT",
      "optional": true,
      "os": [
        "android"
      ],
      "engines": {
        "node": ">= 10"
      }
    },
    "node_modules/@napi-rs/lzma-android-arm64": {
      "version": "1.4.3",
      "resolved": "https://registry.npmjs.org/@napi-rs/lzma-android-arm64/-/lzma-android-arm64-1.4.3.tgz",
      "integrity": "sha512-Bve6BF/4pnlO6HotIgRWgmUT3rbbW/QH471RF/GBA29GfEeUOPEdfQWC7tlzrLYsVFNX2KCWKd+XlxQNz9sRaA==",
      "cpu": [
        "arm64"
      ],
      "dev": true,
      "license": "MIT",
      "optional": true,
      "os": [
        "android"
      ],
      "engines": {
        "node": ">= 10"
      }
    },
    "node_modules/@napi-rs/lzma-darwin-arm64": {
      "version": "1.4.3",
      "resolved": "https://registry.npmjs.org/@napi-rs/lzma-darwin-arm64/-/lzma-darwin-arm64-1.4.3.tgz",
      "integrity": "sha512-UxTb56kL6pSVTsZ1ShibnqLSwJZLTWtPU5TNYuyIjVNQYAIG8JQ5Yxz35azjwBCK7AjD8pBdpWLYUSyJRGAVAw==",
      "cpu": [
        "arm64"
      ],
      "dev": true,
      "license": "MIT",
      "optional": true,
      "os": [
        "darwin"
      ],
      "engines": {
        "node": ">= 10"
      }
    },
    "node_modules/@napi-rs/lzma-darwin-x64": {
      "version": "1.4.3",
      "resolved": "https://registry.npmjs.org/@napi-rs/lzma-darwin-x64/-/lzma-darwin-x64-1.4.3.tgz",
      "integrity": "sha512-ps6HiwGKS1P4ottyV2/hVboZ0ugdM1Z1qO9YFpcuKweORfxAkxwJ6S8jOt7G27LQiWiiQHVwsUCODTHDFhOUPQ==",
      "cpu": [
        "x64"
      ],
      "dev": true,
      "license": "MIT",
      "optional": true,
      "os": [
        "darwin"
      ],
      "engines": {
        "node": ">= 10"
      }
    },
    "node_modules/@napi-rs/lzma-freebsd-x64": {
      "version": "1.4.3",
      "resolved": "https://registry.npmjs.org/@napi-rs/lzma-freebsd-x64/-/lzma-freebsd-x64-1.4.3.tgz",
      "integrity": "sha512-W49h41U3+vLnbthbPzvJX1fQtTG+1jyUlfB+wX3oxILvIur06PjJRdMXrFtOZpWkFsihK9gO2DRkQYQJIIgTZw==",
      "cpu": [
        "x64"
      ],
      "dev": true,
      "license": "MIT",
      "optional": true,
      "os": [
        "freebsd"
      ],
      "engines": {
        "node": ">= 10"
      }
    },
    "node_modules/@napi-rs/lzma-linux-arm-gnueabihf": {
      "version": "1.4.3",
      "resolved": "https://registry.npmjs.org/@napi-rs/lzma-linux-arm-gnueabihf/-/lzma-linux-arm-gnueabihf-1.4.3.tgz",
      "integrity": "sha512-11PNPiMGuwwxIxd9yPZY3Ek6RFGFRFQb/AtMStJIwlmJ6sM/djEknClLJVbVXbC/nqm7htVZEr+qmYgoDy0fAw==",
      "cpu": [
        "arm"
      ],
      "dev": true,
      "license": "MIT",
      "optional": true,
      "os": [
        "linux"
      ],
      "engines": {
        "node": ">= 10"
      }
    },
    "node_modules/@napi-rs/lzma-linux-arm64-gnu": {
      "version": "1.4.3",
      "resolved": "https://registry.npmjs.org/@napi-rs/lzma-linux-arm64-gnu/-/lzma-linux-arm64-gnu-1.4.3.tgz",
      "integrity": "sha512-XzlxZjSXTcrWFHbvvv2xbV5+bSV5IJqCJ8CCksc7xV3uWEAso9yBPJ8VSRD3GPc7ZoBDRqJmgCb/HQzHpLBekw==",
      "cpu": [
        "arm64"
      ],
      "dev": true,
      "license": "MIT",
      "optional": true,
      "os": [
        "linux"
      ],
      "engines": {
        "node": ">= 10"
      }
    },
    "node_modules/@napi-rs/lzma-linux-arm64-musl": {
      "version": "1.4.3",
      "resolved": "https://registry.npmjs.org/@napi-rs/lzma-linux-arm64-musl/-/lzma-linux-arm64-musl-1.4.3.tgz",
      "integrity": "sha512-k4fWiI4Pm61Esj8hnm7NWIbpZueTtP2jlJqmMhTqJyjqW3NUxbTHjSErZOZKIFRF1B3if4v5Tyzo7JL2X+BaSQ==",
      "cpu": [
        "arm64"
      ],
      "dev": true,
      "license": "MIT",
      "optional": true,
      "os": [
        "linux"
      ],
      "engines": {
        "node": ">= 10"
      }
    },
    "node_modules/@napi-rs/lzma-linux-ppc64-gnu": {
      "version": "1.4.3",
      "resolved": "https://registry.npmjs.org/@napi-rs/lzma-linux-ppc64-gnu/-/lzma-linux-ppc64-gnu-1.4.3.tgz",
      "integrity": "sha512-tTIfk+TYZYbFySxaCMuzp4Zz1T3I6OYVYNAm+IrCSkZDLmUKUzBK3+Su+mT+PjcTNsAiHBa5NVjARXC7b7jmgQ==",
      "cpu": [
        "ppc64"
      ],
      "dev": true,
      "license": "MIT",
      "optional": true,
      "os": [
        "linux"
      ],
      "engines": {
        "node": ">= 10"
      }
    },
    "node_modules/@napi-rs/lzma-linux-riscv64-gnu": {
      "version": "1.4.3",
      "resolved": "https://registry.npmjs.org/@napi-rs/lzma-linux-riscv64-gnu/-/lzma-linux-riscv64-gnu-1.4.3.tgz",
      "integrity": "sha512-HPyLYOYhkN7QYaWiKWhSnsLmx/l0pqgiiyaYeycgxCm9dwL8ummFWxveZqYjqdbUUvG7Mgi1jqgRe+55MVdyZQ==",
      "cpu": [
        "riscv64"
      ],
      "dev": true,
      "license": "MIT",
      "optional": true,
      "os": [
        "linux"
      ],
      "engines": {
        "node": ">= 10"
      }
    },
    "node_modules/@napi-rs/lzma-linux-s390x-gnu": {
      "version": "1.4.3",
      "resolved": "https://registry.npmjs.org/@napi-rs/lzma-linux-s390x-gnu/-/lzma-linux-s390x-gnu-1.4.3.tgz",
      "integrity": "sha512-YkcV+RSZZIMM3D5sPZqvo2Q7/tHXBhgJWBi+6ceo46pTlqgn/nH+pVz+CzsDmLWz5hqNSXyv5IAhOcg2CH6rAg==",
      "cpu": [
        "s390x"
      ],
      "dev": true,
      "license": "MIT",
      "optional": true,
      "os": [
        "linux"
      ],
      "engines": {
        "node": ">= 10"
      }
    },
    "node_modules/@napi-rs/lzma-linux-x64-gnu": {
      "version": "1.4.3",
      "resolved": "https://registry.npmjs.org/@napi-rs/lzma-linux-x64-gnu/-/lzma-linux-x64-gnu-1.4.3.tgz",
      "integrity": "sha512-ep6PLjN1+g4P12Hc7sLRmVpXXaHX22ykqxnOzjXUoj1KTph5XgM4+fUCyE5dsYI+lB4/tXqFuf9ZeFgHk5f00A==",
      "cpu": [
        "x64"
      ],
      "dev": true,
      "license": "MIT",
      "optional": true,
      "os": [
        "linux"
      ],
      "engines": {
        "node": ">= 10"
      }
    },
    "node_modules/@napi-rs/lzma-linux-x64-musl": {
      "version": "1.4.3",
      "resolved": "https://registry.npmjs.org/@napi-rs/lzma-linux-x64-musl/-/lzma-linux-x64-musl-1.4.3.tgz",
      "integrity": "sha512-QkCO6rVw0Z7eY0ziVc4aCFplbOTMpt0UBLPXWxsPd2lXtkAlRChzqaHOxdcL/HoLmBsqdCxmG0EZuHuAP/vKZQ==",
      "cpu": [
        "x64"
      ],
      "dev": true,
      "license": "MIT",
      "optional": true,
      "os": [
        "linux"
      ],
      "engines": {
        "node": ">= 10"
      }
    },
    "node_modules/@napi-rs/lzma-wasm32-wasi": {
      "version": "1.4.3",
      "resolved": "https://registry.npmjs.org/@napi-rs/lzma-wasm32-wasi/-/lzma-wasm32-wasi-1.4.3.tgz",
      "integrity": "sha512-+rMamB0xaeDyVt4OP4cV888cnmso+m78iUebNhGcrL/WXIziwql50KQrmj7PBdBCza/W7XEcraZT8pO8gSDGcg==",
      "cpu": [
        "wasm32"
      ],
      "dev": true,
      "license": "MIT",
      "optional": true,
      "dependencies": {
        "@napi-rs/wasm-runtime": "^0.2.10"
      },
      "engines": {
        "node": ">=14.0.0"
      }
    },
    "node_modules/@napi-rs/lzma-win32-arm64-msvc": {
      "version": "1.4.3",
      "resolved": "https://registry.npmjs.org/@napi-rs/lzma-win32-arm64-msvc/-/lzma-win32-arm64-msvc-1.4.3.tgz",
      "integrity": "sha512-6gQ+R6ztw11hswdsEu0jsOOXXnJPwhOA1yHRjqfuFemhf6esMd8l9b0uh3BfLBNe7qumtrH4KLrHu8yC9pSY3g==",
      "cpu": [
        "arm64"
      ],
      "dev": true,
      "license": "MIT",
      "optional": true,
      "os": [
        "win32"
      ],
      "engines": {
        "node": ">= 10"
      }
    },
    "node_modules/@napi-rs/lzma-win32-ia32-msvc": {
      "version": "1.4.3",
      "resolved": "https://registry.npmjs.org/@napi-rs/lzma-win32-ia32-msvc/-/lzma-win32-ia32-msvc-1.4.3.tgz",
      "integrity": "sha512-+AJeJQoGE+QtZKlwM4VzDkfLmUa+6DsGOO5zdbIPlRCB6PEstRCXxp8lkMiQBNgk9f/IO0UEkRcJSZ+Hhqd8zw==",
      "cpu": [
        "ia32"
      ],
      "dev": true,
      "license": "MIT",
      "optional": true,
      "os": [
        "win32"
      ],
      "engines": {
        "node": ">= 10"
      }
    },
    "node_modules/@napi-rs/lzma-win32-x64-msvc": {
      "version": "1.4.3",
      "resolved": "https://registry.npmjs.org/@napi-rs/lzma-win32-x64-msvc/-/lzma-win32-x64-msvc-1.4.3.tgz",
      "integrity": "sha512-66dFCX9ACp